format=1
idris2_version=0.8.0
agda_version=2.8.0
driver_lifecycle_sha256=eadc3c22f6586631b44c8fcfcc9f79e2edc23c356286ba56695338ec76e54101
package_transaction_sha256=9664e6170f9774d41edcd725b3927d72967202109d1ea20e4afe1211a3e32a89
crucible_sha256=baaa6156303a1697aeb781e92063bc5bbc2845ac39e7239c72150ba2a9ca46a4
aegis_lifecycle_sha256=2d2cdf52544c4d0db42b54740ab10342ce3cd2391ed29ca93076e2eb56f622e0
argus_markup_sha256=bfc130e5f3c7a9bf69a44b7b9af93c1a2bd212eec59a0146339646feb2228d99
granite_boot_sha256=9155c2ce46022166984d8d88e668aa844276e875f406198024f5b4ce5456d509
hermes_authority_sha256=1775066c7796b53b70c22f7bbda55ad08e5ab0d367676720837ec3e7974101bd
crest_shell_sha256=c460383e842211480edd7bb82da15981370384ff103484ed99d3650ed5b3d750
privilege_rings_sha256=b942a3624f456bb78c0302531f44c46c501b2c9b60bdf2cef83c26de7a4872ab
argus_layout_sha256=dd320ecafd89eab803e5b4f1fe0faf656c58c51be3631563053b4571290ddbab
granite_layout_sha256=5966174ce744dd142273c7675345cdb6c0adf08e31dae01bf81830088f016cec
hermes_wire_sha256=a13c37aab5cdfc42990e147fc6c1cf68018bf8c578065e18fe7ff908b4edb5bb
crest_overlay_sha256=11ac1fe7869cdb043b138caafdc059d72c9a1319292c23ceb1753d2e613843ad
cosmic_compatibility_sha256=085a3c6e6efd06b08bb6f187094574ed6071abfcef1354a7a9447bdfa5e1189b
cosmic_stack_sha256=7a04559171fb7a3608683928221e017f09b1a83f45aba9db653cf7627a3a936e
linux_contract_idris_sha256=75f2b460c462dd70ef76b788ced4f22192d185f1f16990f0abb498218accbbc9
linux_contract_agda_sha256=a6a28a5d7b188965464b506e346443da8e80f5fd3d67575788e1f1b0e21c81ea
